
Microsoft Visual Studio Solution File, Format Version 12.00
# Visual Studio Version 16
VisualStudioVersion = 16.0.30717.126
MinimumVisualStudioVersion = 10.0.40219.1
Project("{FAE04EC0-301F-11D3-BF4B-00C04F79EFBC}") = "DiscordBot", "DiscordBot.csproj", "{0310BEA9-BE79-4F31-B9FA-92829AC95E2B}"
EndProject
Global
	GlobalSection(SolutionConfigurationPlatforms) = preSolution
		Debug|Any CPU = Debug|Any CPU
		Release|Any CPU = Release|Any CPU
	EndGlobalSection
	GlobalSection(ProjectConfigurationPlatforms) = postSolution
		{0310BEA9-BE79-4F31-B9FA-92829AC95E2B}.Debug|Any CPU.ActiveCfg = Debug|Any CPU
		{0310BEA9-BE79-4F31-B9FA-92829AC95E2B}.Debug|Any CPU.Build.0 = Debug|Any CPU
		{0310BEA9-BE79-4F31-B9FA-92829AC95E2B}.Release|Any CPU.ActiveCfg = Release|Any CPU
		{0310BEA9-BE79-4F31-B9FA-92829AC95E2B}.Release|Any CPU.Build.0 = Release|Any CPU
	EndGlobalSection
	GlobalSection(SolutionProperties) = preSolution
		HideSolutionNode = FALSE
	EndGlobalSection
	GlobalSection(ExtensibilityGlobals) = postSolution
		SolutionGuid = {B4FE9C40-2A33-443C-A51F-12015A125BE8}
	EndGlobalSection
EndGlobal
